
Microsoft Visual Studio Solution File, Format Version 12.00
# Visual Studio Version 17
VisualStudioVersion = 17.5.002.0
MinimumVisualStudioVersion = 10.0.40219.1
Project("{9A19103F-16F7-4668-BE54-9A1E7A4F7556}") = "RecipeRoulette", "RecipeRoulette\RecipeRoulette.csproj", "{D07D1433-CC8A-4158-BF73-82505172B4DF}"
EndProject
Global
	GlobalSection(SolutionConfigurationPlatforms) = preSolution
		Debug|Any CPU = Debug|Any CPU
		Release|Any CPU = Release|Any CPU
	EndGlobalSection
	GlobalSection(ProjectConfigurationPlatforms) = postSolution
		{D07D1433-CC8A-4158-BF73-82505172B4DF}.Debug|Any CPU.ActiveCfg = Debug|Any CPU
		{D07D1433-CC8A-4158-BF73-82505172B4DF}.Debug|Any CPU.Build.0 = Debug|Any CPU
		{D07D1433-CC8A-4158-BF73-82505172B4DF}.Release|Any CPU.ActiveCfg = Release|Any CPU
		{D07D1433-CC8A-4158-BF73-82505172B4DF}.Release|Any CPU.Build.0 = Release|Any CPU
	EndGlobalSection
	GlobalSection(SolutionProperties) = preSolution
		HideSolutionNode = FALSE
	EndGlobalSection
	GlobalSection(ExtensibilityGlobals) = postSolution
		SolutionGuid = {3FBE043B-D9DB-433E-9B4F-E84F72078AF2}
	EndGlobalSection
EndGlobal
